// !$*UTF8*$!
{
	archiveVersion = 1;
	classes = {
	};
	objectVersion = 46;
	objects = {

/* Begin PBXBuildFile section */
		C350C0FA1F3AF19600231F5D /* AppDelegate.swift in Sources */ = {isa = PBXBuildFile; fileRef = C350C0F91F3AF19600231F5D /* AppDelegate.swift */; };
		C350C0FC1F3AF19600231F5D /* ViewController.swift in Sources */ = {isa = PBXBuildFile; fileRef = C350C0FB1F3AF19600231F5D /* ViewController.swift */; };
		C350C0FF1F3AF19600231F5D /* Main.storyboard in Resources */ = {isa = PBXBuildFile; fileRef = C350C0FD1F3AF19600231F5D /* Main.storyboard */; };
		C350C1011F3AF19600231F5D /* Assets.xcassets in Resources */ = {isa = PBXBuildFile; fileRef = C350C1001F3AF19600231F5D /* Assets.xcassets */; };
		C350C1041F3AF19600231F5D /* LaunchScreen.storyboard in Resources */ = {isa = PBXBuildFile; fileRef = C350C1021F3AF19600231F5D /* LaunchScreen.storyboard */; };
/* End PBXBuildFile section */

/* Begin PBXFileReference section */
		C350C0F61F3AF19600231F5D /* Tigusers.app */ = {isa = PBXFileReference; explicitFileType = wrapper.application; includeInIndex = 0; path = Tigusers.app; sourceTree = BUILT_PRODUCTS_DIR; };
		C350C0F91F3AF19600231F5D /* AppDelegate.swift */ = {isa = PBXFileReference; lastKnownFileType = sourcecode.swift; path = AppDelegate.swift; sourceTree = "<group>"; };
		C350C0FB1F3AF19600231F5D /* ViewController.swift */ = {isa = PBXFileReference; lastKnownFileType = sourcecode.swift; path = ViewController.swift; sourceTree = "<group>"; };
		C350C0FE1F3AF19600231F5D /* Base */ = {isa = PBXFileReference; lastKnownFileType = file.storyboard; name = Base; path = Base.lproj/Main.storyboard; sourceTree = "<group>"; };
		C350C1001F3AF19600231F5D /* Assets.xcassets */ = {isa = PBXFileReference; lastKnownFileType = folder.assetcatalog; path = Assets.xcassets; sourceTree = "<group>"; };
		C350C1031F3AF19600231F5D /* Base */ = {isa = PBXFileReference; lastKnownFileType = file.storyboard; name = Base; path = Base.lproj/LaunchScreen.storyboard; sourceTree = "<group>"; };
		C350C1051F3AF19600231F5D /* Info.plist */ = {isa = PBXFileReference; lastKnownFileType = text.plist.xml; path = Info.plist; sourceTree = "<group>"; };
/* End PBXFileReference section */

/* Begin PBXFrameworksBuildPhase section */
		C350C0F31F3AF19600231F5D /* Frameworks */ = {
			isa = PBXFrameworksBuildPhase;
			buildActionMask = 2147483647;
			files = (
			);
			runOnlyForDeploymentPostprocessing = 0;
		};
/* End PBXFrameworksBuildPhase section */

/* Begin PBXGroup section */
		C350C0ED1F3AF19600231F5D = {
			isa = PBXGroup;
			children = (
				C350C0F81F3AF19600231F5D /* Tigusers */,
				C350C0F71F3AF19600231F5D /* Products */,
			);
			sourceTree = "<group>";
		};
		C350C0F71F3AF19600231F5D /* Products */ = {
			isa = PBXGroup;
			children = (
				C350C0F61F3AF19600231F5D /* Tigusers.app */,
			);
			name = Products;
			sourceTree = "<group>";
		};
		C350C0F81F3AF19600231F5D /* Tigusers */ = {
			isa = PBXGroup;
			children = (
				C350C0F91F3AF19600231F5D /* AppDelegate.swift */,
				C350C0FB1F3AF19600231F5D /* ViewController.swift */,
				C350C0FD1F3AF19600231F5D /* Main.storyboard */,
				C350C1001F3AF19600231F5D /* Assets.xcassets */,
				C350C1021F3AF19600231F5D /* LaunchScreen.storyboard */,
				C350C1051F3AF19600231F5D /* Info.plist */,
			);
			path = Tigusers;
			sourceTree = "<group>";
		};
/* End PBXGroup section */

/* Begin PBXNativeTarget section */
		C350C0F51F3AF19600231F5D /* Tigusers */ = {
			isa = PBXNativeTarget;
			buildConfigurationList = C350C1081F3AF19600231F5D /* Build configuration list for PBXNativeTarget "Tigusers" */;
			buildPhases = (
				C350C0F21F3AF19600231F5D /* Sources */,
				C350C0F31F3AF19600231F5D /* Frameworks */,
				C350C0F41F3AF19600231F5D /* Resources */,
			);
			buildRules = (
			);
			dependencies = (
			);
			name = Tigusers;
			productName = Tigusers;
			productReference = C350C0F61F3AF19600231F5D /* Tigusers.app */;
			productType = "com.apple.product-type.application";
		};
/* End PBXNativeTarget section */

/* Begin PBXProject section */
		C350C0EE1F3AF19600231F5D /* Project object */ = {
			isa = PBXProject;
			attributes = {
				LastSwiftUpdateCheck = 0820;
				LastUpgradeCheck = 0820;
				ORGANIZATIONNAME = "Artur Kablak";
				TargetAttributes = {
					C350C0F51F3AF19600231F5D = {
						CreatedOnToolsVersion = 8.2.1;
						DevelopmentTeam = 3B4HYH3EL8;
						ProvisioningStyle = Automatic;
					};
				};
			};
			buildConfigurationList = C350C0F11F3AF19600231F5D /* Build configuration list for PBXProject "Tigusers" */;
			compatibilityVersion = "Xcode 3.2";
			developmentRegion = English;
			hasScannedForEncodings = 0;
			knownRegions = (
				en,
				Base,
			);
			mainGroup = C350C0ED1F3AF19600231F5D;
			productRefGroup = C350C0F71F3AF19600231F5D /* Products */;
			projectDirPath = "";
			projectRoot = "";
			targets = (
				C350C0F51F3AF19600231F5D /* Tigusers */,
			);
		};
/* End PBXProject section */

/* Begin PBXResourcesBuildPhase section */
		C350C0F41F3AF19600231F5D /* Resources */ = {
			isa = PBXResourcesBuildPhase;
			buildActionMask = 2147483647;
			files = (
				C350C1041F3AF19600231F5D /* LaunchScreen.storyboard in Resources */,
				C350C1011F3AF19600231F5D /* Assets.xcassets in Resources */,
				C350C0FF1F3AF19600231F5D /* Main.storyboard in Resources */,
			);
			runOnlyForDeploymentPostprocessing = 0;
		};
/* End PBXResourcesBuildPhase section */

/* Begin PBXSourcesBuildPhase section */
		C350C0F21F3AF19600231F5D /* Sources */ = {
			isa = PBXSourcesBuildPhase;
			buildActionMask = 2147483647;
			files = (
				C350C0FC1F3AF19600231F5D /* ViewController.swift in Sources */,
				C350C0FA1F3AF19600231F5D /* AppDelegate.swift in Sources */,
			);
			runOnlyForDeploymentPostprocessing = 0;
		};
/* End PBXSourcesBuildPhase section */

/* Begin PBXVariantGroup section */
		C350C0FD1F3AF19600231F5D /* Main.storyboard */ = {
			isa = PBXVariantGroup;
			children = (
				C350C0FE1F3AF19600231F5D /* Base */,
			);
			name = Main.storyboard;
			sourceTree = "<group>";
		};
		C350C1021F3AF19600231F5D /* LaunchScreen.storyboard */ = {
			isa = PBXVariantGroup;
			children = (
				C350C1031F3AF19600231F5D /* Base */,
			);
			name = LaunchScreen.storyboard;
			sourceTree = "<group>";
		};
/* End PBXVariantGroup section */

/* Begin XCBuildConfiguration section */
		C350C1061F3AF19600231F5D /* Debug */ = {
			isa = XCBuildConfiguration;
			buildSettings = {
				ALWAYS_SEARCH_USER_PATHS = NO;
				CLANG_ANALYZER_NONNULL = YES;
				CLANG_CXX_LANGUAGE_STANDARD = "gnu++0x";
				CLANG_CXX_LIBRARY = "libc++";
				CLANG_ENABLE_MODULES = YES;
				CLANG_ENABLE_OBJC_ARC = YES;
				CLANG_WARN_BOOL_CONVERSION = YES;
				CLANG_WARN_CONSTANT_CONVERSION = YES;
				CLANG_WARN_DIRECT_OBJC_ISA_USAGE = YES_ERROR;
				CLANG_WARN_DOCUMENTATION_COMMENTS = YES;
				CLANG_WARN_EMPTY_BODY = YES;
				CLANG_WARN_ENUM_CONVERSION = YES;
				CLANG_WARN_INFINITE_RECURSION = YES;
				CLANG_WARN_INT_CONVERSION = YES;
				CLANG_WARN_OBJC_ROOT_CLASS = YES_ERROR;
				CLANG_WARN_SUSPICIOUS_MOVE = YES;
				CLANG_WARN_UNREACHABLE_CODE = YES;
				CLANG_WARN__DUPLICATE_METHOD_MATCH = YES;
				"CODE_SIGN_IDENTITY[sdk=iphoneos*]" = "iPhone Developer";
				COPY_PHASE_STRIP = NO;
				DEBUG_INFORMATION_FORMAT = dwarf;
				ENABLE_STRICT_OBJC_MSGSEND = YES;
				ENABLE_TESTABILITY = YES;
				GCC_C_LANGUAGE_STANDARD = gnu99;
				GCC_DYNAMIC_NO_PIC = NO;
				GCC_NO_COMMON_BLOCKS = YES;
				GCC_OPTIMIZATION_LEVEL = 0;
				GCC_PREPROCESSOR_DEFINITIONS = (
					"DEBUG=1",
					"$(inherited)",
				);
				GCC_WARN_64_TO_32_BIT_CONVERSION = YES;
				GCC_WARN_ABOUT_RETURN_TYPE = YES_ERROR;
				GCC_WARN_UNDECLARED_SELECTOR = YES;
				GCC_WARN_UNINITIALIZED_AUTOS = YES_AGGRESSIVE;
				GCC_WARN_UNUSED_FUNCTION = YES;
				GCC_WARN_UNUSED_VARIABLE = YES;
				IPHONEOS_DEPLOYMENT_TARGET = 10.2;
				MTL_ENABLE_DEBUG_INFO = YES;
				ONLY_ACTIVE_ARCH = YES;
				SDKROOT = iphoneos;
				SWIFT_ACTIVE_COMPILATION_CONDITIONS = DEBUG;
				SWIFT_OPTIMIZATION_LEVEL = "-Onone";
				TARGETED_DEVICE_FAMILY = "1,2";
			};
			name = Debug;
		};
		C350C1071F3AF19600231F5D /* Release */ = {
			isa = XCBuildConfiguration;
			buildSettings = {
				ALWAYS_SEARCH_USER_PATHS = NO;
				CLANG_ANALYZER_NONNULL = YES;
				CLANG_CXX_LANGUAGE_STANDARD = "gnu++0x";
				CLANG_CXX_LIBRARY = "libc++";
				CLANG_ENABLE_MODULES = YES;
				CLANG_ENABLE_OBJC_ARC = YES;
				CLANG_WARN_BOOL_CONVERSION = YES;
				CLANG_WARN_CONSTANT_CONVERSION = YES;
				CLANG_WARN_DIRECT_OBJC_ISA_USAGE = YES_ERROR;
				CLANG_WARN_DOCUMENTATION_COMMENTS = YES;
				CLANG_WARN_EMPTY_BODY = YES;
				CLANG_WARN_ENUM_CONVERSION = YES;
				CLANG_WARN_INFINITE_RECURSION = YES;
				CLANG_WARN_INT_CONVERSION = YES;
				CLANG_WARN_OBJC_ROOT_CLASS = YES_ERROR;
				CLANG_WARN_SUSPICIOUS_MOVE = YES;
				CLANG_WARN_UNREACHABLE_CODE = YES;
				CLANG_WARN__DUPLICATE_METHOD_MATCH = YES;
				"CODE_SIGN_IDENTITY[sdk=iphoneos*]" = "iPhone Developer";
				COPY_PHASE_STRIP = NO;
				DEBUG_INFORMATION_FORMAT = "dwarf-with-dsym";
				ENABLE_NS_ASSERTIONS = NO;
				ENABLE_STRICT_OBJC_MSGSEND = YES;
				GCC_C_LANGUAGE_STANDARD = gnu99;
				GCC_NO_COMMON_BLOCKS = YES;
				GCC_WARN_64_TO_32_BIT_CONVERSION = YES;
				GCC_WARN_ABOUT_RETURN_TYPE = YES_ERROR;
				GCC_WARN_UNDECLARED_SELECTOR = YES;
				GCC_WARN_UNINITIALIZED_AUTOS = YES_AGGRESSIVE;
				GCC_WARN_UNUSED_FUNCTION = YES;
				GCC_WARN_UNUSED_VARIABLE = YES;
				IPHONEOS_DEPLOYMENT_TARGET = 10.2;
				MTL_ENABLE_DEBUG_INFO = NO;
				SDKROOT = iphoneos;
				SWIFT_OPTIMIZATION_LEVEL = "-Owholemodule";
				TARGETED_DEVICE_FAMILY = "1,2";
				VALIDATE_PRODUCT = YES;
			};
			name = Release;
		};
		C350C1091F3AF19600231F5D /* Debug */ = {
			isa = XCBuildConfiguration;
			buildSettings = {
				ASSETCATALOG_COMPILER_APPICON_NAME = AppIcon;
				DEVELOPMENT_TEAM = 3B4HYH3EL8;
				INFOPLIST_FILE = Tigusers/Info.plist;
				LD_RUNPATH_SEARCH_PATHS = "$(inherited) @executable_path/Frameworks";
				PRODUCT_BUNDLE_IDENTIFIER = com.odvan.Tigusers;
				PRODUCT_NAME = "$(TARGET_NAME)";
				SWIFT_VERSION = 3.0;
			};
			name = Debug;
		};
		C350C10A1F3AF19600231F5D /* Release */ = {
			isa = XCBuildConfiguration;
			buildSettings = {
				ASSETCATALOG_COMPILER_APPICON_NAME = AppIcon;
				DEVELOPMENT_TEAM = 3B4HYH3EL8;
				INFOPLIST_FILE = Tigusers/Info.plist;
				LD_RUNPATH_SEARCH_PATHS = "$(inherited) @executable_path/Frameworks";
				PRODUCT_BUNDLE_IDENTIFIER = com.odvan.Tigusers;
				PRODUCT_NAME = "$(TARGET_NAME)";
				SWIFT_VERSION = 3.0;
			};
			name = Release;
		};
/* End XCBuildConfiguration section */

/* Begin XCConfigurationList section */
		C350C0F11F3AF19600231F5D /* Build configuration list for PBXProject "Tigusers" */ = {
			isa = XCConfigurationList;
			buildConfigurations = (
				C350C1061F3AF19600231F5D /* Debug */,
				C350C1071F3AF19600231F5D /* Release */,
			);
			defaultConfigurationIsVisible = 0;
			defaultConfigurationName = Release;
		};
		C350C1081F3AF19600231F5D /* Build configuration list for PBXNativeTarget "Tigusers" */ = {
			isa = XCConfigurationList;
			buildConfigurations = (
				C350C1091F3AF19600231F5D /* Debug */,
				C350C10A1F3AF19600231F5D /* Release */,
			);
			defaultConfigurationIsVisible = 0;
		};
/* End XCConfigurationList section */
	};
	rootObject = C350C0EE1F3AF19600231F5D /* Project object */;
}
